
Microsoft Visual Studio Solution File, Format Version 12.00
# Visual Studio 15
VisualStudioVersion = 15.0.26124.0
MinimumVisualStudioVersion = 15.0.26124.0
Project("{9A19103F-16F7-4668-BE54-9A1E7A4F7556}") = "Myixy.App", "Myixy.App\Myixy.App.csproj", "{BABF3B70-E536-4ACF-951E-5ED1F137621A}"
EndProject
Global
	GlobalSection(SolutionConfigurationPlatforms) = preSolution
		Debug|Any CPU = Debug|Any CPU
		Debug|x64 = Debug|x64
		Debug|x86 = Debug|x86
		Release|Any CPU = Release|Any CPU
		Release|x64 = Release|x64
		Release|x86 = Release|x86
	EndGlobalSection
	GlobalSection(ProjectConfigurationPlatforms) = postSolution
		{BABF3B70-E536-4ACF-951E-5ED1F137621A}.Debug|Any CPU.ActiveCfg = Debug|Any CPU
		{BABF3B70-E536-4ACF-951E-5ED1F137621A}.Debug|Any CPU.Build.0 = Debug|Any CPU
		{BABF3B70-E536-4ACF-951E-5ED1F137621A}.Debug|x64.ActiveCfg = Debug|Any CPU
		{BABF3B70-E536-4ACF-951E-5ED1F137621A}.Debug|x64.Build.0 = Debug|Any CPU
		{BABF3B70-E536-4ACF-951E-5ED1F137621A}.Debug|x86.ActiveCfg = Debug|Any CPU
		{BABF3B70-E536-4ACF-951E-5ED1F137621A}.Debug|x86.Build.0 = Debug|Any CPU
		{BABF3B70-E536-4ACF-951E-5ED1F137621A}.Release|Any CPU.ActiveCfg = Release|Any CPU
		{BABF3B70-E536-4ACF-951E-5ED1F137621A}.Release|Any CPU.Build.0 = Release|Any CPU
		{BABF3B70-E536-4ACF-951E-5ED1F137621A}.Release|x64.ActiveCfg = Release|Any CPU
		{BABF3B70-E536-4ACF-951E-5ED1F137621A}.Release|x64.Build.0 = Release|Any CPU
		{BABF3B70-E536-4ACF-951E-5ED1F137621A}.Release|x86.ActiveCfg = Release|Any CPU
		{BABF3B70-E536-4ACF-951E-5ED1F137621A}.Release|x86.Build.0 = Release|Any CPU
	EndGlobalSection
	GlobalSection(SolutionProperties) = preSolution
		HideSolutionNode = FALSE
	EndGlobalSection
	GlobalSection(ExtensibilityGlobals) = postSolution
		SolutionGuid = {B5E2C11A-8DCC-47F7-8B67-39610A434CE9}
	EndGlobalSection
EndGlobal
