
Microsoft Visual Studio Solution File, Format Version 12.00
# Visual Studio 15
VisualStudioVersion = 15.0.26124.0
MinimumVisualStudioVersion = 15.0.26124.0
Project("{9A19103F-16F7-4668-BE54-9A1E7A4F7556}") = "Myixy.Core", "Myixy.Core\Myixy.Core.csproj", "{683D4DFF-243B-47AC-9744-3230608B9949}"
EndProject
Project("{FAE04EC0-301F-11D3-BF4B-00C04F79EFBC}") = "Myixy.Core.Model", "Myixy.Core.Model\Myixy.Core.Model.csproj", "{CCEC5266-AE51-4F3E-A2F8-DF825AC734BC}"
EndProject
Global
	GlobalSection(SolutionConfigurationPlatforms) = preSolution
		Debug|Any CPU = Debug|Any CPU
		Debug|x64 = Debug|x64
		Debug|x86 = Debug|x86
		Release|Any CPU = Release|Any CPU
		Release|x64 = Release|x64
		Release|x86 = Release|x86
	EndGlobalSection
	GlobalSection(ProjectConfigurationPlatforms) = postSolution
		{683D4DFF-243B-47AC-9744-3230608B9949}.Debug|Any CPU.ActiveCfg = Debug|Any CPU
		{683D4DFF-243B-47AC-9744-3230608B9949}.Debug|Any CPU.Build.0 = Debug|Any CPU
		{683D4DFF-243B-47AC-9744-3230608B9949}.Debug|x64.ActiveCfg = Debug|Any CPU
		{683D4DFF-243B-47AC-9744-3230608B9949}.Debug|x64.Build.0 = Debug|Any CPU
		{683D4DFF-243B-47AC-9744-3230608B9949}.Debug|x86.ActiveCfg = Debug|Any CPU
		{683D4DFF-243B-47AC-9744-3230608B9949}.Debug|x86.Build.0 = Debug|Any CPU
		{683D4DFF-243B-47AC-9744-3230608B9949}.Release|Any CPU.ActiveCfg = Release|Any CPU
		{683D4DFF-243B-47AC-9744-3230608B9949}.Release|Any CPU.Build.0 = Release|Any CPU
		{683D4DFF-243B-47AC-9744-3230608B9949}.Release|x64.ActiveCfg = Release|Any CPU
		{683D4DFF-243B-47AC-9744-3230608B9949}.Release|x64.Build.0 = Release|Any CPU
		{683D4DFF-243B-47AC-9744-3230608B9949}.Release|x86.ActiveCfg = Release|Any CPU
		{683D4DFF-243B-47AC-9744-3230608B9949}.Release|x86.Build.0 = Release|Any CPU
		{CCEC5266-AE51-4F3E-A2F8-DF825AC734BC}.Debug|Any CPU.ActiveCfg = Debug|Any CPU
		{CCEC5266-AE51-4F3E-A2F8-DF825AC734BC}.Debug|Any CPU.Build.0 = Debug|Any CPU
		{CCEC5266-AE51-4F3E-A2F8-DF825AC734BC}.Debug|x64.ActiveCfg = Debug|Any CPU
		{CCEC5266-AE51-4F3E-A2F8-DF825AC734BC}.Debug|x64.Build.0 = Debug|Any CPU
		{CCEC5266-AE51-4F3E-A2F8-DF825AC734BC}.Debug|x86.ActiveCfg = Debug|Any CPU
		{CCEC5266-AE51-4F3E-A2F8-DF825AC734BC}.Debug|x86.Build.0 = Debug|Any CPU
		{CCEC5266-AE51-4F3E-A2F8-DF825AC734BC}.Release|Any CPU.ActiveCfg = Release|Any CPU
		{CCEC5266-AE51-4F3E-A2F8-DF825AC734BC}.Release|Any CPU.Build.0 = Release|Any CPU
		{CCEC5266-AE51-4F3E-A2F8-DF825AC734BC}.Release|x64.ActiveCfg = Release|Any CPU
		{CCEC5266-AE51-4F3E-A2F8-DF825AC734BC}.Release|x64.Build.0 = Release|Any CPU
		{CCEC5266-AE51-4F3E-A2F8-DF825AC734BC}.Release|x86.ActiveCfg = Release|Any CPU
		{CCEC5266-AE51-4F3E-A2F8-DF825AC734BC}.Release|x86.Build.0 = Release|Any CPU
	EndGlobalSection
	GlobalSection(SolutionProperties) = preSolution
		HideSolutionNode = FALSE
	EndGlobalSection
	GlobalSection(ExtensibilityGlobals) = postSolution
		SolutionGuid = {B5E2C11A-8DCC-47F7-8B67-39610A434CE9}
	EndGlobalSection
EndGlobal
